{
  "pins" : [
    {
      "identity" : "facebook-ios-sdk",
      "kind" : "remoteSourceControl",
      "location" : "https://github.com/facebook/facebook-ios-sdk.git",
      "state" : {
        "revision" : "3818dd2ccb6547c6d320ff68a1bd599789c3a44f",
        "version" : "18.1.0"
      }
    }
  ],
  "version" : 2
}
